
Microsoft Visual Studio Solution File, Format Version 12.00
# Visual Studio Version 17
VisualStudioVersion = 17.7.34009.444
MinimumVisualStudioVersion = 10.0.40219.1
Project("{9A19103F-16F7-4668-BE54-9A1E7A4F7556}") = "Api", "Api\Api.csproj", "{80C8BDCD-1A78-4B5F-8704-DAC36BAB5FCF}"
EndProject
Project("{2150E333-8FDC-42A3-9474-1A3956D46DE8}") = "Tests", "Tests", "{BB46D827-7B0B-45BE-A819-6E60DE874F83}"
EndProject
Project("{9A19103F-16F7-4668-BE54-9A1E7A4F7556}") = "ApiTests", "ApiTests\ApiTests.csproj", "{0B0C83D6-D56E-4538-BA5F-4B0F606C83E2}"
EndProject
Project("{FAE04EC0-301F-11D3-BF4B-00C04F79EFBC}") = "UnitTests", "UnitTests\UnitTests.csproj", "{7C7C672C-EF8F-4272-9AB6-092BF7A6C052}"
EndProject
Global
	GlobalSection(SolutionConfigurationPlatforms) = preSolution
		Debug|Any CPU = Debug|Any CPU
		Release|Any CPU = Release|Any CPU
	EndGlobalSection
	GlobalSection(ProjectConfigurationPlatforms) = postSolution
		{80C8BDCD-1A78-4B5F-8704-DAC36BAB5FCF}.Debug|Any CPU.ActiveCfg = Debug|Any CPU
		{80C8BDCD-1A78-4B5F-8704-DAC36BAB5FCF}.Debug|Any CPU.Build.0 = Debug|Any CPU
		{80C8BDCD-1A78-4B5F-8704-DAC36BAB5FCF}.Release|Any CPU.ActiveCfg = Release|Any CPU
		{80C8BDCD-1A78-4B5F-8704-DAC36BAB5FCF}.Release|Any CPU.Build.0 = Release|Any CPU
		{0B0C83D6-D56E-4538-BA5F-4B0F606C83E2}.Debug|Any CPU.ActiveCfg = Debug|Any CPU
		{0B0C83D6-D56E-4538-BA5F-4B0F606C83E2}.Debug|Any CPU.Build.0 = Debug|Any CPU
		{0B0C83D6-D56E-4538-BA5F-4B0F606C83E2}.Release|Any CPU.ActiveCfg = Release|Any CPU
		{0B0C83D6-D56E-4538-BA5F-4B0F606C83E2}.Release|Any CPU.Build.0 = Release|Any CPU
		{7C7C672C-EF8F-4272-9AB6-092BF7A6C052}.Debug|Any CPU.ActiveCfg = Debug|Any CPU
		{7C7C672C-EF8F-4272-9AB6-092BF7A6C052}.Debug|Any CPU.Build.0 = Debug|Any CPU
		{7C7C672C-EF8F-4272-9AB6-092BF7A6C052}.Release|Any CPU.ActiveCfg = Release|Any CPU
		{7C7C672C-EF8F-4272-9AB6-092BF7A6C052}.Release|Any CPU.Build.0 = Release|Any CPU
	EndGlobalSection
	GlobalSection(SolutionProperties) = preSolution
		HideSolutionNode = FALSE
	EndGlobalSection
	GlobalSection(NestedProjects) = preSolution
		{0B0C83D6-D56E-4538-BA5F-4B0F606C83E2} = {BB46D827-7B0B-45BE-A819-6E60DE874F83}
		{7C7C672C-EF8F-4272-9AB6-092BF7A6C052} = {BB46D827-7B0B-45BE-A819-6E60DE874F83}
	EndGlobalSection
	GlobalSection(ExtensibilityGlobals) = postSolution
		SolutionGuid = {F8EE9518-836A-4ABF-85E0-ACDF84093657}
	EndGlobalSection
EndGlobal
